// !$*UTF8*$!
{
	archiveVersion = 1;
	classes = {
	};
	objectVersion = 77;
	objects = {

/* Begin PBXFileReference section */
		1F37ED062DCABBAD00990D93 /* Variables.playground */ = {isa = PBXFileReference; lastKnownFileType = file.playground; path = Variables.playground; sourceTree = "<group>"; xcLanguageSpecificationIdentifier = xcode.lang.swift; };
/* End PBXFileReference section */

/* Begin PBXGroup section */
		1F37ECFF2DCAAE3800990D93 = {
			isa = PBXGroup;
			children = (
				1F37ED062DCABBAD00990D93 /* Variables.playground */,
			);
			sourceTree = "<group>";
		};
/* End PBXGroup section */

/* Begin PBXProject section */
		1F37ED002DCAAE3800990D93 /* Project object */ = {
			isa = PBXProject;
			attributes = {
				BuildIndependentTargetsInParallel = 1;
				LastUpgradeCheck = 1620;
			};
			buildConfigurationList = 1F37ED032DCAAE3800990D93 /* Build configuration list for PBXProject "Curso de fundamentos de swift" */;
			developmentRegion = en;
			hasScannedForEncodings = 0;
			knownRegions = (
				en,
				Base,
			);
			mainGroup = 1F37ECFF2DCAAE3800990D93;
			minimizedProjectReferenceProxies = 1;
			preferredProjectObjectVersion = 77;
			projectDirPath = "";
			projectRoot = "";
			targets = (
			);
		};
/* End PBXProject section */

/* Begin XCBuildConfiguration section */
		1F37ED042DCAAE3800990D93 /* Debug */ = {
			isa = XCBuildConfiguration;
			buildSettings = {
			};
			name = Debug;
		};
		1F37ED052DCAAE3800990D93 /* Release */ = {
			isa = XCBuildConfiguration;
			buildSettings = {
			};
			name = Release;
		};
/* End XCBuildConfiguration section */

/* Begin XCConfigurationList section */
		1F37ED032DCAAE3800990D93 /* Build configuration list for PBXProject "Curso de fundamentos de swift" */ = {
			isa = XCConfigurationList;
			buildConfigurations = (
				1F37ED042DCAAE3800990D93 /* Debug */,
				1F37ED052DCAAE3800990D93 /* Release */,
			);
			defaultConfigurationIsVisible = 0;
			defaultConfigurationName = Release;
		};
/* End XCConfigurationList section */
	};
	rootObject = 1F37ED002DCAAE3800990D93 /* Project object */;
}
